
Microsoft Visual Studio Solution File, Format Version 11.00
# Visual Studio 2010
Project("{FAE04EC0-301F-11D3-BF4B-00C04F79EFBC}") = "PY_RANSA_NET_WCF", "PY_RANSA_NET_WCF\PY_RANSA_NET_WCF.csproj", "{FE06DDB0-F0F1-45C9-BEDB-5800016AB562}"
EndProject
Project("{FAE04EC0-301F-11D3-BF4B-00C04F79EFBC}") = "PY_RANSA_NET_TS", "PY_RANSA_NET_TS\PY_RANSA_NET_TS.csproj", "{713BC164-26C2-45AB-961D-7DAC6F1355B6}"
EndProject
Project("{2150E333-8FDC-42A3-9474-1A3956D46DE8}") = "Solution Items", "Solution Items", "{F8B03288-6090-437A-83E0-69514F18001F}"
	ProjectSection(SolutionItems) = preProject
		Local.testsettings = Local.testsettings
		PY_RANSA_NET_WCF.vsmdi = PY_RANSA_NET_WCF.vsmdi
		TraceAndTestImpact.testsettings = TraceAndTestImpact.testsettings
	EndProjectSection
EndProject
Project("{FAE04EC0-301F-11D3-BF4B-00C04F79EFBC}") = "PY_RANSA_NET_AD", "PY_RANSA_NET_AD\PY_RANSA_NET_AD.csproj", "{807C5F97-24A3-4FA3-92C0-7B62BF647BBA}"
EndProject
Project("{FAE04EC0-301F-11D3-BF4B-00C04F79EFBC}") = "PY_RANSA_NET_EN", "PY_RANSA_NET_EN\PY_RANSA_NET_EN.csproj", "{275ECBF7-291F-4E35-BCBE-26B190EA7050}"
EndProject
Project("{FAE04EC0-301F-11D3-BF4B-00C04F79EFBC}") = "RANSA_PY_NET_CL", "RANSA_PY_NET_CL\RANSA_PY_NET_CL.csproj", "{E452C566-287B-45FB-BE32-0C4862D150B0}"
	ProjectSection(ProjectDependencies) = postProject
		{FE06DDB0-F0F1-45C9-BEDB-5800016AB562} = {FE06DDB0-F0F1-45C9-BEDB-5800016AB562}
	EndProjectSection
EndProject
Global
	GlobalSection(TestCaseManagementSettings) = postSolution
		CategoryFile = PY_RANSA_NET_WCF.vsmdi
	EndGlobalSection
	GlobalSection(SolutionConfigurationPlatforms) = preSolution
		Debug|Any CPU = Debug|Any CPU
		Debug|Mixed Platforms = Debug|Mixed Platforms
		Debug|x86 = Debug|x86
		Release|Any CPU = Release|Any CPU
		Release|Mixed Platforms = Release|Mixed Platforms
		Release|x86 = Release|x86
	EndGlobalSection
	GlobalSection(ProjectConfigurationPlatforms) = postSolution
		{FE06DDB0-F0F1-45C9-BEDB-5800016AB562}.Debug|Any CPU.ActiveCfg = Debug|Any CPU
		{FE06DDB0-F0F1-45C9-BEDB-5800016AB562}.Debug|Any CPU.Build.0 = Debug|Any CPU
		{FE06DDB0-F0F1-45C9-BEDB-5800016AB562}.Debug|Mixed Platforms.ActiveCfg = Debug|Any CPU
		{FE06DDB0-F0F1-45C9-BEDB-5800016AB562}.Debug|Mixed Platforms.Build.0 = Debug|Any CPU
		{FE06DDB0-F0F1-45C9-BEDB-5800016AB562}.Debug|x86.ActiveCfg = Debug|Any CPU
		{FE06DDB0-F0F1-45C9-BEDB-5800016AB562}.Release|Any CPU.ActiveCfg = Release|Any CPU
		{FE06DDB0-F0F1-45C9-BEDB-5800016AB562}.Release|Any CPU.Build.0 = Release|Any CPU
		{FE06DDB0-F0F1-45C9-BEDB-5800016AB562}.Release|Mixed Platforms.ActiveCfg = Release|Any CPU
		{FE06DDB0-F0F1-45C9-BEDB-5800016AB562}.Release|Mixed Platforms.Build.0 = Release|Any CPU
		{FE06DDB0-F0F1-45C9-BEDB-5800016AB562}.Release|x86.ActiveCfg = Release|Any CPU
		{713BC164-26C2-45AB-961D-7DAC6F1355B6}.Debug|Any CPU.ActiveCfg = Debug|Any CPU
		{713BC164-26C2-45AB-961D-7DAC6F1355B6}.Debug|Any CPU.Build.0 = Debug|Any CPU
		{713BC164-26C2-45AB-961D-7DAC6F1355B6}.Debug|Mixed Platforms.ActiveCfg = Debug|Any CPU
		{713BC164-26C2-45AB-961D-7DAC6F1355B6}.Debug|Mixed Platforms.Build.0 = Debug|Any CPU
		{713BC164-26C2-45AB-961D-7DAC6F1355B6}.Debug|x86.ActiveCfg = Debug|Any CPU
		{713BC164-26C2-45AB-961D-7DAC6F1355B6}.Release|Any CPU.ActiveCfg = Release|Any CPU
		{713BC164-26C2-45AB-961D-7DAC6F1355B6}.Release|Any CPU.Build.0 = Release|Any CPU
		{713BC164-26C2-45AB-961D-7DAC6F1355B6}.Release|Mixed Platforms.ActiveCfg = Release|Any CPU
		{713BC164-26C2-45AB-961D-7DAC6F1355B6}.Release|Mixed Platforms.Build.0 = Release|Any CPU
		{713BC164-26C2-45AB-961D-7DAC6F1355B6}.Release|x86.ActiveCfg = Release|Any CPU
		{807C5F97-24A3-4FA3-92C0-7B62BF647BBA}.Debug|Any CPU.ActiveCfg = Debug|Any CPU
		{807C5F97-24A3-4FA3-92C0-7B62BF647BBA}.Debug|Any CPU.Build.0 = Debug|Any CPU
		{807C5F97-24A3-4FA3-92C0-7B62BF647BBA}.Debug|Mixed Platforms.ActiveCfg = Debug|Any CPU
		{807C5F97-24A3-4FA3-92C0-7B62BF647BBA}.Debug|Mixed Platforms.Build.0 = Debug|Any CPU
		{807C5F97-24A3-4FA3-92C0-7B62BF647BBA}.Debug|x86.ActiveCfg = Debug|Any CPU
		{807C5F97-24A3-4FA3-92C0-7B62BF647BBA}.Release|Any CPU.ActiveCfg = Release|Any CPU
		{807C5F97-24A3-4FA3-92C0-7B62BF647BBA}.Release|Any CPU.Build.0 = Release|Any CPU
		{807C5F97-24A3-4FA3-92C0-7B62BF647BBA}.Release|Mixed Platforms.ActiveCfg = Release|Any CPU
		{807C5F97-24A3-4FA3-92C0-7B62BF647BBA}.Release|Mixed Platforms.Build.0 = Release|Any CPU
		{807C5F97-24A3-4FA3-92C0-7B62BF647BBA}.Release|x86.ActiveCfg = Release|Any CPU
		{275ECBF7-291F-4E35-BCBE-26B190EA7050}.Debug|Any CPU.ActiveCfg = Debug|Any CPU
		{275ECBF7-291F-4E35-BCBE-26B190EA7050}.Debug|Any CPU.Build.0 = Debug|Any CPU
		{275ECBF7-291F-4E35-BCBE-26B190EA7050}.Debug|Mixed Platforms.ActiveCfg = Debug|Any CPU
		{275ECBF7-291F-4E35-BCBE-26B190EA7050}.Debug|Mixed Platforms.Build.0 = Debug|Any CPU
		{275ECBF7-291F-4E35-BCBE-26B190EA7050}.Debug|x86.ActiveCfg = Debug|Any CPU
		{275ECBF7-291F-4E35-BCBE-26B190EA7050}.Release|Any CPU.ActiveCfg = Release|Any CPU
		{275ECBF7-291F-4E35-BCBE-26B190EA7050}.Release|Any CPU.Build.0 = Release|Any CPU
		{275ECBF7-291F-4E35-BCBE-26B190EA7050}.Release|Mixed Platforms.ActiveCfg = Release|Any CPU
		{275ECBF7-291F-4E35-BCBE-26B190EA7050}.Release|Mixed Platforms.Build.0 = Release|Any CPU
		{275ECBF7-291F-4E35-BCBE-26B190EA7050}.Release|x86.ActiveCfg = Release|Any CPU
		{E452C566-287B-45FB-BE32-0C4862D150B0}.Debug|Any CPU.ActiveCfg = Debug|x86
		{E452C566-287B-45FB-BE32-0C4862D150B0}.Debug|Mixed Platforms.ActiveCfg = Debug|x86
		{E452C566-287B-45FB-BE32-0C4862D150B0}.Debug|Mixed Platforms.Build.0 = Debug|x86
		{E452C566-287B-45FB-BE32-0C4862D150B0}.Debug|x86.ActiveCfg = Debug|x86
		{E452C566-287B-45FB-BE32-0C4862D150B0}.Debug|x86.Build.0 = Debug|x86
		{E452C566-287B-45FB-BE32-0C4862D150B0}.Release|Any CPU.ActiveCfg = Release|x86
		{E452C566-287B-45FB-BE32-0C4862D150B0}.Release|Mixed Platforms.ActiveCfg = Release|x86
		{E452C566-287B-45FB-BE32-0C4862D150B0}.Release|Mixed Platforms.Build.0 = Release|x86
		{E452C566-287B-45FB-BE32-0C4862D150B0}.Release|x86.ActiveCfg = Release|x86
		{E452C566-287B-45FB-BE32-0C4862D150B0}.Release|x86.Build.0 = Release|x86
	EndGlobalSection
	GlobalSection(SolutionProperties) = preSolution
		HideSolutionNode = FALSE
	EndGlobalSection
EndGlobal
